
Microsoft Visual Studio Solution File, Format Version 12.00
# Visual Studio Version 17
VisualStudioVersion = 17.4.33122.133
MinimumVisualStudioVersion = 10.0.40219.1
Project("{FAE04EC0-301F-11D3-BF4B-00C04F79EFBC}") = "Async", "Async\Async.csproj", "{475AE80F-BAFC-4A05-BBA6-6694BC9FD42A}"
EndProject
Global
	GlobalSection(SolutionConfigurationPlatforms) = preSolution
		Debug|Any CPU = Debug|Any CPU
		Release|Any CPU = Release|Any CPU
	EndGlobalSection
	GlobalSection(ProjectConfigurationPlatforms) = postSolution
		{475AE80F-BAFC-4A05-BBA6-6694BC9FD42A}.Debug|Any CPU.ActiveCfg = Debug|Any CPU
		{475AE80F-BAFC-4A05-BBA6-6694BC9FD42A}.Debug|Any CPU.Build.0 = Debug|Any CPU
		{475AE80F-BAFC-4A05-BBA6-6694BC9FD42A}.Release|Any CPU.ActiveCfg = Release|Any CPU
		{475AE80F-BAFC-4A05-BBA6-6694BC9FD42A}.Release|Any CPU.Build.0 = Release|Any CPU
	EndGlobalSection
	GlobalSection(SolutionProperties) = preSolution
		HideSolutionNode = FALSE
	EndGlobalSection
	GlobalSection(ExtensibilityGlobals) = postSolution
		SolutionGuid = {FCF589A0-1321-4789-95A0-3CCB8495AD1D}
	EndGlobalSection
EndGlobal
