
Microsoft Visual Studio Solution File, Format Version 12.00
# Visual Studio Version 17
VisualStudioVersion = 17.4.33122.133
MinimumVisualStudioVersion = 10.0.40219.1
Project("{FAE04EC0-301F-11D3-BF4B-00C04F79EFBC}") = "Experiment 1", "Experiment 1\Experiment 1.csproj", "{773D69C0-2497-4112-93E9-A5C88F091169}"
EndProject
Global
	GlobalSection(SolutionConfigurationPlatforms) = preSolution
		Debug|Any CPU = Debug|Any CPU
		Release|Any CPU = Release|Any CPU
	EndGlobalSection
	GlobalSection(ProjectConfigurationPlatforms) = postSolution
		{773D69C0-2497-4112-93E9-A5C88F091169}.Debug|Any CPU.ActiveCfg = Debug|Any CPU
		{773D69C0-2497-4112-93E9-A5C88F091169}.Debug|Any CPU.Build.0 = Debug|Any CPU
		{773D69C0-2497-4112-93E9-A5C88F091169}.Release|Any CPU.ActiveCfg = Release|Any CPU
		{773D69C0-2497-4112-93E9-A5C88F091169}.Release|Any CPU.Build.0 = Release|Any CPU
	EndGlobalSection
	GlobalSection(SolutionProperties) = preSolution
		HideSolutionNode = FALSE
	EndGlobalSection
	GlobalSection(ExtensibilityGlobals) = postSolution
		SolutionGuid = {64C0553D-733F-4497-9030-120437EA188A}
	EndGlobalSection
EndGlobal
